
Microsoft Visual Studio Solution File, Format Version 12.00
# Visual Studio 2012
Project("{FAE04EC0-301F-11D3-BF4B-00C04F79EFBC}") = "NetworkProgramming", "NetworkProgramming\NetworkProgramming.csproj", "{1A1D8559-3682-46E7-8079-7BDAC0D8DACA}"
EndProject
Project("{FAE04EC0-301F-11D3-BF4B-00C04F79EFBC}") = "SocketServer", "SocketServer\SocketServer.csproj", "{9452082C-A81C-4D5D-B504-77B62FD56F65}"
EndProject
Project("{FAE04EC0-301F-11D3-BF4B-00C04F79EFBC}") = "SocketClient", "SocketClient\SocketClient.csproj", "{C12B6CF5-AD37-46F2-8755-8A458DB0D50B}"
EndProject
Project("{FAE04EC0-301F-11D3-BF4B-00C04F79EFBC}") = "TCPClient", "TcpClient\TCPClient.csproj", "{0B0D3505-DA72-40F2-88C1-8E03218B27E2}"
EndProject
Project("{FAE04EC0-301F-11D3-BF4B-00C04F79EFBC}") = "TCPServer", "TCPServer\TCPServer.csproj", "{2C634012-8841-42EE-AFE2-CDD2537E8B1B}"
EndProject
Project("{FAE04EC0-301F-11D3-BF4B-00C04F79EFBC}") = "TCPClientConsole", "TCPClientConsole\TCPClientConsole.csproj", "{9F450E5B-D9D3-4395-9D23-61D5D73BC861}"
EndProject
Project("{FAE04EC0-301F-11D3-BF4B-00C04F79EFBC}") = "TCPServerConsole", "TCPServerConsole\TCPServerConsole.csproj", "{B16254F0-A592-4AD9-A23D-4C5F3939B6F7}"
EndProject
Project("{FAE04EC0-301F-11D3-BF4B-00C04F79EFBC}") = "TCPChatServer", "TCPChatServer\TCPChatServer.csproj", "{1B5A7791-C850-4B79-A1F5-75FF0F840FB4}"
EndProject
Project("{FAE04EC0-301F-11D3-BF4B-00C04F79EFBC}") = "TCPChatClient", "TCPChatClient\TCPChatClient.csproj", "{71498636-6563-4E52-B214-F7E5822C13CB}"
EndProject
Project("{FAE04EC0-301F-11D3-BF4B-00C04F79EFBC}") = "UDPClient", "UDPClient\UDPClient.csproj", "{08155C6E-200C-47E2-89FC-A2664E7D4AA0}"
EndProject
Project("{FAE04EC0-301F-11D3-BF4B-00C04F79EFBC}") = "UDPMulticastClient", "UDPMulticastClient\UDPMulticastClient.csproj", "{DDD96EAA-2E40-4FF9-9F18-E1BA317D65D2}"
EndProject
Project("{FAE04EC0-301F-11D3-BF4B-00C04F79EFBC}") = "UDPChat", "UDPChat\UDPChat.csproj", "{57ACF280-FC26-44F6-9E88-B9B028F60294}"
EndProject
Project("{FAE04EC0-301F-11D3-BF4B-00C04F79EFBC}") = "ClassBinary", "ClassBinary\ClassBinary.csproj", "{36352366-938A-44B7-9F45-5D00CD723A64}"
EndProject
Project("{FAE04EC0-301F-11D3-BF4B-00C04F79EFBC}") = "NetworkStreamServer", "NetworkStream\NetworkStreamServer.csproj", "{ACFDDD19-0DA4-4409-8945-FA665F6D8571}"
EndProject
Project("{FAE04EC0-301F-11D3-BF4B-00C04F79EFBC}") = "NetworkStreamClient", "NetworkStreamClient\NetworkStreamClient.csproj", "{E6C6A55D-043C-4AE8-A2B9-7251D25B5C61}"
EndProject
Project("{2150E333-8FDC-42A3-9474-1A3956D46DE8}") = "NetworkStream", "NetworkStream", "{E9FD4621-CF17-49D8-88C9-685DA0F71552}"
EndProject
Project("{2150E333-8FDC-42A3-9474-1A3956D46DE8}") = "TCP", "TCP", "{B22B7EAE-F692-4A70-81C5-E3D7D7FF8723}"
EndProject
Project("{2150E333-8FDC-42A3-9474-1A3956D46DE8}") = "ChatMultyThread", "ChatMultyThread", "{BAB9C409-5DD8-477B-9C4D-7292C0631E20}"
EndProject
Project("{2150E333-8FDC-42A3-9474-1A3956D46DE8}") = "Sockets", "Sockets", "{8101742D-8D4A-4EAA-9FB4-8375539FA2BD}"
EndProject
Project("{2150E333-8FDC-42A3-9474-1A3956D46DE8}") = "UDP", "UDP", "{0F809A45-D702-4848-A3B9-44EB4D9E09C2}"
EndProject
Project("{2150E333-8FDC-42A3-9474-1A3956D46DE8}") = "Chat", "Chat", "{065C4CB6-655C-4876-B1B8-96950175434C}"
EndProject
Project("{2150E333-8FDC-42A3-9474-1A3956D46DE8}") = "BinaryStream", "BinaryStream", "{66274238-3EBA-44A1-B079-14C65FFD317B}"
EndProject
Project("{FAE04EC0-301F-11D3-BF4B-00C04F79EFBC}") = "BinaryStreamServer", "BinaryStreamServer\BinaryStreamServer.csproj", "{67A763B2-170D-4E42-9E63-13E280C7FE27}"
EndProject
Project("{FAE04EC0-301F-11D3-BF4B-00C04F79EFBC}") = "BinaryStreamClient", "BinaryStreamClient\BinaryStreamClient.csproj", "{DB08C3C3-790A-462A-AE41-51078CF87295}"
EndProject
Global
	GlobalSection(SolutionConfigurationPlatforms) = preSolution
		Debug|Any CPU = Debug|Any CPU
		Release|Any CPU = Release|Any CPU
	EndGlobalSection
	GlobalSection(ProjectConfigurationPlatforms) = postSolution
		{1A1D8559-3682-46E7-8079-7BDAC0D8DACA}.Debug|Any CPU.ActiveCfg = Debug|Any CPU
		{1A1D8559-3682-46E7-8079-7BDAC0D8DACA}.Debug|Any CPU.Build.0 = Debug|Any CPU
		{1A1D8559-3682-46E7-8079-7BDAC0D8DACA}.Release|Any CPU.ActiveCfg = Release|Any CPU
		{1A1D8559-3682-46E7-8079-7BDAC0D8DACA}.Release|Any CPU.Build.0 = Release|Any CPU
		{9452082C-A81C-4D5D-B504-77B62FD56F65}.Debug|Any CPU.ActiveCfg = Debug|Any CPU
		{9452082C-A81C-4D5D-B504-77B62FD56F65}.Debug|Any CPU.Build.0 = Debug|Any CPU
		{9452082C-A81C-4D5D-B504-77B62FD56F65}.Release|Any CPU.ActiveCfg = Release|Any CPU
		{9452082C-A81C-4D5D-B504-77B62FD56F65}.Release|Any CPU.Build.0 = Release|Any CPU
		{C12B6CF5-AD37-46F2-8755-8A458DB0D50B}.Debug|Any CPU.ActiveCfg = Debug|Any CPU
		{C12B6CF5-AD37-46F2-8755-8A458DB0D50B}.Debug|Any CPU.Build.0 = Debug|Any CPU
		{C12B6CF5-AD37-46F2-8755-8A458DB0D50B}.Release|Any CPU.ActiveCfg = Release|Any CPU
		{C12B6CF5-AD37-46F2-8755-8A458DB0D50B}.Release|Any CPU.Build.0 = Release|Any CPU
		{0B0D3505-DA72-40F2-88C1-8E03218B27E2}.Debug|Any CPU.ActiveCfg = Debug|Any CPU
		{0B0D3505-DA72-40F2-88C1-8E03218B27E2}.Debug|Any CPU.Build.0 = Debug|Any CPU
		{0B0D3505-DA72-40F2-88C1-8E03218B27E2}.Release|Any CPU.ActiveCfg = Release|Any CPU
		{0B0D3505-DA72-40F2-88C1-8E03218B27E2}.Release|Any CPU.Build.0 = Release|Any CPU
		{2C634012-8841-42EE-AFE2-CDD2537E8B1B}.Debug|Any CPU.ActiveCfg = Debug|Any CPU
		{2C634012-8841-42EE-AFE2-CDD2537E8B1B}.Debug|Any CPU.Build.0 = Debug|Any CPU
		{2C634012-8841-42EE-AFE2-CDD2537E8B1B}.Release|Any CPU.ActiveCfg = Release|Any CPU
		{2C634012-8841-42EE-AFE2-CDD2537E8B1B}.Release|Any CPU.Build.0 = Release|Any CPU
		{9F450E5B-D9D3-4395-9D23-61D5D73BC861}.Debug|Any CPU.ActiveCfg = Debug|Any CPU
		{9F450E5B-D9D3-4395-9D23-61D5D73BC861}.Debug|Any CPU.Build.0 = Debug|Any CPU
		{9F450E5B-D9D3-4395-9D23-61D5D73BC861}.Release|Any CPU.ActiveCfg = Release|Any CPU
		{9F450E5B-D9D3-4395-9D23-61D5D73BC861}.Release|Any CPU.Build.0 = Release|Any CPU
		{B16254F0-A592-4AD9-A23D-4C5F3939B6F7}.Debug|Any CPU.ActiveCfg = Debug|Any CPU
		{B16254F0-A592-4AD9-A23D-4C5F3939B6F7}.Debug|Any CPU.Build.0 = Debug|Any CPU
		{B16254F0-A592-4AD9-A23D-4C5F3939B6F7}.Release|Any CPU.ActiveCfg = Release|Any CPU
		{B16254F0-A592-4AD9-A23D-4C5F3939B6F7}.Release|Any CPU.Build.0 = Release|Any CPU
		{1B5A7791-C850-4B79-A1F5-75FF0F840FB4}.Debug|Any CPU.ActiveCfg = Debug|Any CPU
		{1B5A7791-C850-4B79-A1F5-75FF0F840FB4}.Debug|Any CPU.Build.0 = Debug|Any CPU
		{1B5A7791-C850-4B79-A1F5-75FF0F840FB4}.Release|Any CPU.ActiveCfg = Release|Any CPU
		{1B5A7791-C850-4B79-A1F5-75FF0F840FB4}.Release|Any CPU.Build.0 = Release|Any CPU
		{71498636-6563-4E52-B214-F7E5822C13CB}.Debug|Any CPU.ActiveCfg = Debug|Any CPU
		{71498636-6563-4E52-B214-F7E5822C13CB}.Debug|Any CPU.Build.0 = Debug|Any CPU
		{71498636-6563-4E52-B214-F7E5822C13CB}.Release|Any CPU.ActiveCfg = Release|Any CPU
		{71498636-6563-4E52-B214-F7E5822C13CB}.Release|Any CPU.Build.0 = Release|Any CPU
		{08155C6E-200C-47E2-89FC-A2664E7D4AA0}.Debug|Any CPU.ActiveCfg = Debug|Any CPU
		{08155C6E-200C-47E2-89FC-A2664E7D4AA0}.Debug|Any CPU.Build.0 = Debug|Any CPU
		{08155C6E-200C-47E2-89FC-A2664E7D4AA0}.Release|Any CPU.ActiveCfg = Release|Any CPU
		{08155C6E-200C-47E2-89FC-A2664E7D4AA0}.Release|Any CPU.Build.0 = Release|Any CPU
		{DDD96EAA-2E40-4FF9-9F18-E1BA317D65D2}.Debug|Any CPU.ActiveCfg = Debug|Any CPU
		{DDD96EAA-2E40-4FF9-9F18-E1BA317D65D2}.Debug|Any CPU.Build.0 = Debug|Any CPU
		{DDD96EAA-2E40-4FF9-9F18-E1BA317D65D2}.Release|Any CPU.ActiveCfg = Release|Any CPU
		{DDD96EAA-2E40-4FF9-9F18-E1BA317D65D2}.Release|Any CPU.Build.0 = Release|Any CPU
		{57ACF280-FC26-44F6-9E88-B9B028F60294}.Debug|Any CPU.ActiveCfg = Debug|Any CPU
		{57ACF280-FC26-44F6-9E88-B9B028F60294}.Debug|Any CPU.Build.0 = Debug|Any CPU
		{57ACF280-FC26-44F6-9E88-B9B028F60294}.Release|Any CPU.ActiveCfg = Release|Any CPU
		{57ACF280-FC26-44F6-9E88-B9B028F60294}.Release|Any CPU.Build.0 = Release|Any CPU
		{36352366-938A-44B7-9F45-5D00CD723A64}.Debug|Any CPU.ActiveCfg = Debug|Any CPU
		{36352366-938A-44B7-9F45-5D00CD723A64}.Debug|Any CPU.Build.0 = Debug|Any CPU
		{36352366-938A-44B7-9F45-5D00CD723A64}.Release|Any CPU.ActiveCfg = Release|Any CPU
		{36352366-938A-44B7-9F45-5D00CD723A64}.Release|Any CPU.Build.0 = Release|Any CPU
		{ACFDDD19-0DA4-4409-8945-FA665F6D8571}.Debug|Any CPU.ActiveCfg = Debug|Any CPU
		{ACFDDD19-0DA4-4409-8945-FA665F6D8571}.Debug|Any CPU.Build.0 = Debug|Any CPU
		{ACFDDD19-0DA4-4409-8945-FA665F6D8571}.Release|Any CPU.ActiveCfg = Release|Any CPU
		{ACFDDD19-0DA4-4409-8945-FA665F6D8571}.Release|Any CPU.Build.0 = Release|Any CPU
		{E6C6A55D-043C-4AE8-A2B9-7251D25B5C61}.Debug|Any CPU.ActiveCfg = Debug|Any CPU
		{E6C6A55D-043C-4AE8-A2B9-7251D25B5C61}.Debug|Any CPU.Build.0 = Debug|Any CPU
		{E6C6A55D-043C-4AE8-A2B9-7251D25B5C61}.Release|Any CPU.ActiveCfg = Release|Any CPU
		{E6C6A55D-043C-4AE8-A2B9-7251D25B5C61}.Release|Any CPU.Build.0 = Release|Any CPU
		{67A763B2-170D-4E42-9E63-13E280C7FE27}.Debug|Any CPU.ActiveCfg = Debug|Any CPU
		{67A763B2-170D-4E42-9E63-13E280C7FE27}.Debug|Any CPU.Build.0 = Debug|Any CPU
		{67A763B2-170D-4E42-9E63-13E280C7FE27}.Release|Any CPU.ActiveCfg = Release|Any CPU
		{67A763B2-170D-4E42-9E63-13E280C7FE27}.Release|Any CPU.Build.0 = Release|Any CPU
		{DB08C3C3-790A-462A-AE41-51078CF87295}.Debug|Any CPU.ActiveCfg = Debug|Any CPU
		{DB08C3C3-790A-462A-AE41-51078CF87295}.Debug|Any CPU.Build.0 = Debug|Any CPU
		{DB08C3C3-790A-462A-AE41-51078CF87295}.Release|Any CPU.ActiveCfg = Release|Any CPU
		{DB08C3C3-790A-462A-AE41-51078CF87295}.Release|Any CPU.Build.0 = Release|Any CPU
	EndGlobalSection
	GlobalSection(SolutionProperties) = preSolution
		HideSolutionNode = FALSE
	EndGlobalSection
	GlobalSection(NestedProjects) = preSolution
		{E6C6A55D-043C-4AE8-A2B9-7251D25B5C61} = {E9FD4621-CF17-49D8-88C9-685DA0F71552}
		{ACFDDD19-0DA4-4409-8945-FA665F6D8571} = {E9FD4621-CF17-49D8-88C9-685DA0F71552}
		{66274238-3EBA-44A1-B079-14C65FFD317B} = {E9FD4621-CF17-49D8-88C9-685DA0F71552}
		{BAB9C409-5DD8-477B-9C4D-7292C0631E20} = {B22B7EAE-F692-4A70-81C5-E3D7D7FF8723}
		{2C634012-8841-42EE-AFE2-CDD2537E8B1B} = {B22B7EAE-F692-4A70-81C5-E3D7D7FF8723}
		{0B0D3505-DA72-40F2-88C1-8E03218B27E2} = {B22B7EAE-F692-4A70-81C5-E3D7D7FF8723}
		{065C4CB6-655C-4876-B1B8-96950175434C} = {B22B7EAE-F692-4A70-81C5-E3D7D7FF8723}
		{B16254F0-A592-4AD9-A23D-4C5F3939B6F7} = {BAB9C409-5DD8-477B-9C4D-7292C0631E20}
		{9F450E5B-D9D3-4395-9D23-61D5D73BC861} = {BAB9C409-5DD8-477B-9C4D-7292C0631E20}
		{C12B6CF5-AD37-46F2-8755-8A458DB0D50B} = {8101742D-8D4A-4EAA-9FB4-8375539FA2BD}
		{9452082C-A81C-4D5D-B504-77B62FD56F65} = {8101742D-8D4A-4EAA-9FB4-8375539FA2BD}
		{57ACF280-FC26-44F6-9E88-B9B028F60294} = {0F809A45-D702-4848-A3B9-44EB4D9E09C2}
		{08155C6E-200C-47E2-89FC-A2664E7D4AA0} = {0F809A45-D702-4848-A3B9-44EB4D9E09C2}
		{DDD96EAA-2E40-4FF9-9F18-E1BA317D65D2} = {0F809A45-D702-4848-A3B9-44EB4D9E09C2}
		{71498636-6563-4E52-B214-F7E5822C13CB} = {065C4CB6-655C-4876-B1B8-96950175434C}
		{1B5A7791-C850-4B79-A1F5-75FF0F840FB4} = {065C4CB6-655C-4876-B1B8-96950175434C}
		{67A763B2-170D-4E42-9E63-13E280C7FE27} = {66274238-3EBA-44A1-B079-14C65FFD317B}
		{DB08C3C3-790A-462A-AE41-51078CF87295} = {66274238-3EBA-44A1-B079-14C65FFD317B}
	EndGlobalSection
EndGlobal
